
Microsoft Visual Studio Solution File, Format Version 12.00
# Visual Studio 2012
Project("{FAE04EC0-301F-11D3-BF4B-00C04F79EFBC}") = "AppApi", "AppApi\AppApi.csproj", "{AAAF1949-D9DA-4D68-AC58-B6E2462F07F2}"
EndProject
Project("{FAE04EC0-301F-11D3-BF4B-00C04F79EFBC}") = "AppApi.Tests", "AppApi.Tests\AppApi.Tests.csproj", "{819C4097-DF63-4F58-873E-9CE3D9108112}"
EndProject
Global
	GlobalSection(SolutionConfigurationPlatforms) = preSolution
		Debug|Any CPU = Debug|Any CPU
		Release|Any CPU = Release|Any CPU
	EndGlobalSection
	GlobalSection(ProjectConfigurationPlatforms) = postSolution
		{AAAF1949-D9DA-4D68-AC58-B6E2462F07F2}.Debug|Any CPU.ActiveCfg = Debug|Any CPU
		{AAAF1949-D9DA-4D68-AC58-B6E2462F07F2}.Debug|Any CPU.Build.0 = Debug|Any CPU
		{AAAF1949-D9DA-4D68-AC58-B6E2462F07F2}.Release|Any CPU.ActiveCfg = Release|Any CPU
		{AAAF1949-D9DA-4D68-AC58-B6E2462F07F2}.Release|Any CPU.Build.0 = Release|Any CPU
		{819C4097-DF63-4F58-873E-9CE3D9108112}.Debug|Any CPU.ActiveCfg = Debug|Any CPU
		{819C4097-DF63-4F58-873E-9CE3D9108112}.Debug|Any CPU.Build.0 = Debug|Any CPU
		{819C4097-DF63-4F58-873E-9CE3D9108112}.Release|Any CPU.ActiveCfg = Release|Any CPU
		{819C4097-DF63-4F58-873E-9CE3D9108112}.Release|Any CPU.Build.0 = Release|Any CPU
	EndGlobalSection
	GlobalSection(SolutionProperties) = preSolution
		HideSolutionNode = FALSE
	EndGlobalSection
EndGlobal
